
Microsoft Visual Studio Solution File, Format Version 12.00
# Visual Studio Version 16
VisualStudioVersion = 16.0.31702.278
MinimumVisualStudioVersion = 10.0.40219.1
Project("{FAE04EC0-301F-11D3-BF4B-00C04F79EFBC}") = "Log", "Log.csproj", "{D15735D3-49B0-4D3A-86F8-6CCA92BACA60}"
EndProject
Project("{FAE04EC0-301F-11D3-BF4B-00C04F79EFBC}") = "Utilitario", "..\Utilitario\Utilitario.csproj", "{DC1B4583-230C-4DB2-B23E-491C66B71681}"
EndProject
Project("{FAE04EC0-301F-11D3-BF4B-00C04F79EFBC}") = "ManejadorExcepcion", "..\ManejadorExcepcion\ManejadorExcepcion.csproj", "{CC2CCB6B-996E-4510-B5D3-E54286AC99BE}"
EndProject
Global
	GlobalSection(SolutionConfigurationPlatforms) = preSolution
		Debug|Any CPU = Debug|Any CPU
		Release|Any CPU = Release|Any CPU
	EndGlobalSection
	GlobalSection(ProjectConfigurationPlatforms) = postSolution
		{D15735D3-49B0-4D3A-86F8-6CCA92BACA60}.Debug|Any CPU.ActiveCfg = Debug|Any CPU
		{D15735D3-49B0-4D3A-86F8-6CCA92BACA60}.Debug|Any CPU.Build.0 = Debug|Any CPU
		{D15735D3-49B0-4D3A-86F8-6CCA92BACA60}.Release|Any CPU.ActiveCfg = Release|Any CPU
		{D15735D3-49B0-4D3A-86F8-6CCA92BACA60}.Release|Any CPU.Build.0 = Release|Any CPU
		{DC1B4583-230C-4DB2-B23E-491C66B71681}.Debug|Any CPU.ActiveCfg = Debug|Any CPU
		{DC1B4583-230C-4DB2-B23E-491C66B71681}.Debug|Any CPU.Build.0 = Debug|Any CPU
		{DC1B4583-230C-4DB2-B23E-491C66B71681}.Release|Any CPU.ActiveCfg = Release|Any CPU
		{DC1B4583-230C-4DB2-B23E-491C66B71681}.Release|Any CPU.Build.0 = Release|Any CPU
		{CC2CCB6B-996E-4510-B5D3-E54286AC99BE}.Debug|Any CPU.ActiveCfg = Debug|Any CPU
		{CC2CCB6B-996E-4510-B5D3-E54286AC99BE}.Debug|Any CPU.Build.0 = Debug|Any CPU
		{CC2CCB6B-996E-4510-B5D3-E54286AC99BE}.Release|Any CPU.ActiveCfg = Release|Any CPU
		{CC2CCB6B-996E-4510-B5D3-E54286AC99BE}.Release|Any CPU.Build.0 = Release|Any CPU
	EndGlobalSection
	GlobalSection(SolutionProperties) = preSolution
		HideSolutionNode = FALSE
	EndGlobalSection
	GlobalSection(ExtensibilityGlobals) = postSolution
		SolutionGuid = {8F259987-1266-4412-9D4B-434AB343EE7E}
	EndGlobalSection
EndGlobal
